# THIS IS AN AUTOGENERATED FILE. DO NOT EDIT THIS FILE DIRECTLY.
# yarn lockfile v1


ansi-escapes@^5.0.0:
  version "5.0.0"
  resolved "https://registry.npmjs.org/ansi-escapes/-/ansi-escapes-5.0.0.tgz"
  integrity sha512-5GFMVX8HqE/TB+FuBJGuO5XG0WrsA6ptUqoODaT/n9mmUaZFkqnBueB4leqGBCmrUHnCnC4PCZTCd0E7QQ83bA==
  dependencies:
    type-fest "^1.0.2"

bundle-name@^4.1.0:
  version "4.1.0"
  resolved "https://registry.npmjs.org/bundle-name/-/bundle-name-4.1.0.tgz"
  integrity sha512-tjwM5exMg6BGRI+kNmTntNsvdZS1X8BFYS6tnJ2hdH0kVxM6/eVZ2xy+FqStSWvYmtfFMDLIxurorHwDKfDz5Q==
  dependencies:
    run-applescript "^7.0.0"

chalk@^5.3.0:
  version "5.3.0"
  resolved "https://registry.npmjs.org/chalk/-/chalk-5.3.0.tgz"
  integrity sha512-dLitG79d+GV1Nb/VYcCDFivJeK1hiukt9QjRNVOsUtTy1rR1YJsmpGGTZ3qJos+uw7WmWF4wUwBd9jxjocFC2w==

default-browser-id@^5.0.0:
  version "5.0.0"
  resolved "https://registry.npmjs.org/default-browser-id/-/default-browser-id-5.0.0.tgz"
  integrity sha512-A6p/pu/6fyBcA1TRz/GqWYPViplrftcW2gZC9q79ngNCKAeR/X3gcEdXQHl4KNXV+3wgIJ1CPkJQ3IHM6lcsyA==

default-browser@^5.2.1:
  version "5.2.1"
  resolved "https://registry.npmjs.org/default-browser/-/default-browser-5.2.1.tgz"
  integrity sha512-WY/3TUME0x3KPYdRRxEJJvXRHV4PyPoUsxtZa78lwItwRQRHhd2U9xOscaT/YTf8uCXIAjeJOFBVEh/7FtD8Xg==
  dependencies:
    bundle-name "^4.1.0"
    default-browser-id "^5.0.0"

define-lazy-prop@^3.0.0:
  version "3.0.0"
  resolved "https://registry.npmjs.org/define-lazy-prop/-/define-lazy-prop-3.0.0.tgz"
  integrity sha512-N+MeXYoqr3pOgn8xfyRPREN7gHakLYjhsHhWGT3fWAiL4IkAt0iDw14QiiEm2bE30c5XX5q0FtAA3CK5f9/BUg==

has-flag@^4.0.0:
  version "4.0.0"
  resolved "https://registry.npmjs.org/has-flag/-/has-flag-4.0.0.tgz"
  integrity sha512-EykJT/Q1KjTWctppgIAgfSO0tKVuZUjhgMr17kqTumMl6Afv3EISleU7qZUzoXDFTAHTDC4NOoG/ZxU3EvlMPQ==

is-docker@^3.0.0:
  version "3.0.0"
  resolved "https://registry.npmjs.org/is-docker/-/is-docker-3.0.0.tgz"
  integrity sha512-eljcgEDlEns/7AXFosB5K/2nCM4P7FQPkGc/DWLy5rmFEWvZayGrik1d9/QIY5nJ4f9YsVvBkA6kJpHn9rISdQ==

is-inside-container@^1.0.0:
  version "1.0.0"
  resolved "https://registry.npmjs.org/is-inside-container/-/is-inside-container-1.0.0.tgz"
  integrity sha512-KIYLCCJghfHZxqjYBE7rEy0OBuTd5xCHS7tHVgvCLkx7StIoaxwNW3hCALgEUjFfeRk+MG/Qxmp/vtETEF3tRA==
  dependencies:
    is-docker "^3.0.0"

is-wsl@^3.1.0:
  version "3.1.0"
  resolved "https://registry.npmjs.org/is-wsl/-/is-wsl-3.1.0.tgz"
  integrity sha512-UcVfVfaK4Sc4m7X3dUSoHoozQGBEFeDC+zVo06t98xe8CzHSZZBekNXH+tu0NalHolcJ/QAGqS46Hef7QXBIMw==
  dependencies:
    is-inside-container "^1.0.0"

moment@^2.30.1:
  version "2.30.1"
  resolved "https://registry.npmjs.org/moment/-/moment-2.30.1.tgz"
  integrity sha512-uEmtNhbDOrWPFS+hdjFCBfy9f2YoyzRpwcl+DqpC6taX21FzsTLQVbMV/W7PzNSX6x/bhC1zA3c2UQ5NzH6how==

open@^10.1.0:
  version "10.1.0"
  resolved "https://registry.npmjs.org/open/-/open-10.1.0.tgz"
  integrity sha512-mnkeQ1qP5Ue2wd+aivTD3NHd/lZ96Lu0jgf0pwktLPtx6cTZiH7tyeGRRHs0zX0rbrahXPnXlUnbeXyaBBuIaw==
  dependencies:
    default-browser "^5.2.1"
    define-lazy-prop "^3.0.0"
    is-inside-container "^1.0.0"
    is-wsl "^3.1.0"

run-applescript@^7.0.0:
  version "7.0.0"
  resolved "https://registry.npmjs.org/run-applescript/-/run-applescript-7.0.0.tgz"
  integrity sha512-9by4Ij99JUr/MCFBUkDKLWK3G9HVXmabKz9U5MlIAIuvuzkiOicRYs8XJLxX+xahD+mLiiCYDqF9dKAgtzKP1A==

supports-color@^7.0.0:
  version "7.2.0"
  resolved "https://registry.npmjs.org/supports-color/-/supports-color-7.2.0.tgz"
  integrity sha512-qpCAvRl9stuOHveKsn7HncJRvv501qIacKzQlO/+Lwxc9+0q2wLyv4Dfvt80/DPn2pqOBsJdDiogXGR9+OvwRw==
  dependencies:
    has-flag "^4.0.0"

supports-hyperlinks@^2.2.0:
  version "2.3.0"
  resolved "https://registry.npmjs.org/supports-hyperlinks/-/supports-hyperlinks-2.3.0.tgz"
  integrity sha512-RpsAZlpWcDwOPQA22aCH4J0t7L8JmAvsCxfOSEwm7cQs3LshN36QaTkwd70DnBOXDWGssw2eUoc8CaRWT0XunA==
  dependencies:
    has-flag "^4.0.0"
    supports-color "^7.0.0"

terminal-link@^3.0.0:
  version "3.0.0"
  resolved "https://registry.npmjs.org/terminal-link/-/terminal-link-3.0.0.tgz"
  integrity sha512-flFL3m4wuixmf6IfhFJd1YPiLiMuxEc8uHRM1buzIeZPm22Au2pDqBJQgdo7n1WfPU1ONFGv7YDwpFBmHGF6lg==
  dependencies:
    ansi-escapes "^5.0.0"
    supports-hyperlinks "^2.2.0"

type-fest@^1.0.2:
  version "1.4.0"
  resolved "https://registry.npmjs.org/type-fest/-/type-fest-1.4.0.tgz"
  integrity sha512-yGSza74xk0UG8k+pLh5oeoYirvIiWo5t0/o3zHHAO2tRDiZcxWP7fywNlXhqb6/r6sWvwi+RsyQMWhVLe4BVuA==
